
Microsoft Visual Studio Solution File, Format Version 12.00
Project("{FAE04EC0-301F-11D3-BF4B-00C04F79EFBC}") = "CSharp7.1Example", "CSharp7.1Example\CSharp7.1Example.csproj", "{04AA3B10-DA0B-482E-8A6B-EE72FB247D96}"
EndProject
Global
	GlobalSection(SolutionConfigurationPlatforms) = preSolution
		Debug|Any CPU = Debug|Any CPU
		Release|Any CPU = Release|Any CPU
	EndGlobalSection
	GlobalSection(ProjectConfigurationPlatforms) = postSolution
		{04AA3B10-DA0B-482E-8A6B-EE72FB247D96}.Debug|Any CPU.ActiveCfg = Debug|Any CPU
		{04AA3B10-DA0B-482E-8A6B-EE72FB247D96}.Debug|Any CPU.Build.0 = Debug|Any CPU
		{04AA3B10-DA0B-482E-8A6B-EE72FB247D96}.Release|Any CPU.ActiveCfg = Release|Any CPU
		{04AA3B10-DA0B-482E-8A6B-EE72FB247D96}.Release|Any CPU.Build.0 = Release|Any CPU
	EndGlobalSection
EndGlobal
